
Microsoft Visual Studio Solution File, Format Version 12.00
# Visual Studio 15
VisualStudioVersion = 15.0.26730.8
MinimumVisualStudioVersion = 10.0.40219.1
Project("{8BC9CEB8-8B4A-11D0-8D11-00A0C91BC942}") = "Project3 Cube", "Project3 Cube\Project3 Cube.vcxproj", "{0AEDCE11-328C-4401-A5C4-FAEEB44B0916}"
EndProject
Project("{8BC9CEB8-8B4A-11D0-8D11-00A0C91BC942}") = "Project3 Triangle", "Project3 Triangle\Project3 Triangle.vcxproj", "{5405B015-C22B-4249-AFDE-630A477B91C6}"
EndProject
Project("{8BC9CEB8-8B4A-11D0-8D11-00A0C91BC942}") = "Project3 Teapot", "Project3 Teapot\Project3 Teapot.vcxproj", "{1380D893-B539-41E4-9F2E-9381CC923C58}"
EndProject
Project("{8BC9CEB8-8B4A-11D0-8D11-00A0C91BC942}") = "Project3 D3DXCreate", "Project3 D3DXCreate\Project3 D3DXCreate.vcxproj", "{9962B10D-0DC4-4B8E-8B01-46EC5F233CA4}"
EndProject
Project("{8BC9CEB8-8B4A-11D0-8D11-00A0C91BC942}") = "Project1 Init", "Project1 Init\Project1.vcxproj", "{F6288178-C951-457A-B908-CF4E97909F31}"
EndProject
Project("{8BC9CEB8-8B4A-11D0-8D11-00A0C91BC942}") = "Project4 Colore Triangle", "Project4 Colore Triangle\Project4 Colore Triangle.vcxproj", "{51D713BC-03A6-46F9-A78B-B39D6C8A7D66}"
EndProject
Project("{8BC9CEB8-8B4A-11D0-8D11-00A0C91BC942}") = "Project5 Lit Pyramid", "Project5 Lit Pyramid\Project5 Lit Pyramid.vcxproj", "{5CC05C67-83C1-40E5-88BD-FC30CF024585}"
EndProject
Global
	GlobalSection(SolutionConfigurationPlatforms) = preSolution
		Debug|x64 = Debug|x64
		Debug|x86 = Debug|x86
		Release|x64 = Release|x64
		Release|x86 = Release|x86
	EndGlobalSection
	GlobalSection(ProjectConfigurationPlatforms) = postSolution
		{0AEDCE11-328C-4401-A5C4-FAEEB44B0916}.Debug|x64.ActiveCfg = Debug|x64
		{0AEDCE11-328C-4401-A5C4-FAEEB44B0916}.Debug|x64.Build.0 = Debug|x64
		{0AEDCE11-328C-4401-A5C4-FAEEB44B0916}.Debug|x86.ActiveCfg = Debug|Win32
		{0AEDCE11-328C-4401-A5C4-FAEEB44B0916}.Debug|x86.Build.0 = Debug|Win32
		{0AEDCE11-328C-4401-A5C4-FAEEB44B0916}.Release|x64.ActiveCfg = Release|x64
		{0AEDCE11-328C-4401-A5C4-FAEEB44B0916}.Release|x64.Build.0 = Release|x64
		{0AEDCE11-328C-4401-A5C4-FAEEB44B0916}.Release|x86.ActiveCfg = Release|Win32
		{0AEDCE11-328C-4401-A5C4-FAEEB44B0916}.Release|x86.Build.0 = Release|Win32
		{5405B015-C22B-4249-AFDE-630A477B91C6}.Debug|x64.ActiveCfg = Debug|x64
		{5405B015-C22B-4249-AFDE-630A477B91C6}.Debug|x64.Build.0 = Debug|x64
		{5405B015-C22B-4249-AFDE-630A477B91C6}.Debug|x86.ActiveCfg = Debug|Win32
		{5405B015-C22B-4249-AFDE-630A477B91C6}.Debug|x86.Build.0 = Debug|Win32
		{5405B015-C22B-4249-AFDE-630A477B91C6}.Release|x64.ActiveCfg = Release|x64
		{5405B015-C22B-4249-AFDE-630A477B91C6}.Release|x64.Build.0 = Release|x64
		{5405B015-C22B-4249-AFDE-630A477B91C6}.Release|x86.ActiveCfg = Release|Win32
		{5405B015-C22B-4249-AFDE-630A477B91C6}.Release|x86.Build.0 = Release|Win32
		{1380D893-B539-41E4-9F2E-9381CC923C58}.Debug|x64.ActiveCfg = Debug|x64
		{1380D893-B539-41E4-9F2E-9381CC923C58}.Debug|x64.Build.0 = Debug|x64
		{1380D893-B539-41E4-9F2E-9381CC923C58}.Debug|x86.ActiveCfg = Debug|Win32
		{1380D893-B539-41E4-9F2E-9381CC923C58}.Debug|x86.Build.0 = Debug|Win32
		{1380D893-B539-41E4-9F2E-9381CC923C58}.Release|x64.ActiveCfg = Release|x64
		{1380D893-B539-41E4-9F2E-9381CC923C58}.Release|x64.Build.0 = Release|x64
		{1380D893-B539-41E4-9F2E-9381CC923C58}.Release|x86.ActiveCfg = Release|Win32
		{1380D893-B539-41E4-9F2E-9381CC923C58}.Release|x86.Build.0 = Release|Win32
		{9962B10D-0DC4-4B8E-8B01-46EC5F233CA4}.Debug|x64.ActiveCfg = Debug|x64
		{9962B10D-0DC4-4B8E-8B01-46EC5F233CA4}.Debug|x64.Build.0 = Debug|x64
		{9962B10D-0DC4-4B8E-8B01-46EC5F233CA4}.Debug|x86.ActiveCfg = Debug|Win32
		{9962B10D-0DC4-4B8E-8B01-46EC5F233CA4}.Debug|x86.Build.0 = Debug|Win32
		{9962B10D-0DC4-4B8E-8B01-46EC5F233CA4}.Release|x64.ActiveCfg = Release|x64
		{9962B10D-0DC4-4B8E-8B01-46EC5F233CA4}.Release|x64.Build.0 = Release|x64
		{9962B10D-0DC4-4B8E-8B01-46EC5F233CA4}.Release|x86.ActiveCfg = Release|Win32
		{9962B10D-0DC4-4B8E-8B01-46EC5F233CA4}.Release|x86.Build.0 = Release|Win32
		{F6288178-C951-457A-B908-CF4E97909F31}.Debug|x64.ActiveCfg = Debug|x64
		{F6288178-C951-457A-B908-CF4E97909F31}.Debug|x64.Build.0 = Debug|x64
		{F6288178-C951-457A-B908-CF4E97909F31}.Debug|x86.ActiveCfg = Debug|Win32
		{F6288178-C951-457A-B908-CF4E97909F31}.Debug|x86.Build.0 = Debug|Win32
		{F6288178-C951-457A-B908-CF4E97909F31}.Release|x64.ActiveCfg = Release|x64
		{F6288178-C951-457A-B908-CF4E97909F31}.Release|x64.Build.0 = Release|x64
		{F6288178-C951-457A-B908-CF4E97909F31}.Release|x86.ActiveCfg = Release|Win32
		{F6288178-C951-457A-B908-CF4E97909F31}.Release|x86.Build.0 = Release|Win32
		{51D713BC-03A6-46F9-A78B-B39D6C8A7D66}.Debug|x64.ActiveCfg = Debug|x64
		{51D713BC-03A6-46F9-A78B-B39D6C8A7D66}.Debug|x64.Build.0 = Debug|x64
		{51D713BC-03A6-46F9-A78B-B39D6C8A7D66}.Debug|x86.ActiveCfg = Debug|Win32
		{51D713BC-03A6-46F9-A78B-B39D6C8A7D66}.Debug|x86.Build.0 = Debug|Win32
		{51D713BC-03A6-46F9-A78B-B39D6C8A7D66}.Release|x64.ActiveCfg = Release|x64
		{51D713BC-03A6-46F9-A78B-B39D6C8A7D66}.Release|x64.Build.0 = Release|x64
		{51D713BC-03A6-46F9-A78B-B39D6C8A7D66}.Release|x86.ActiveCfg = Release|Win32
		{51D713BC-03A6-46F9-A78B-B39D6C8A7D66}.Release|x86.Build.0 = Release|Win32
		{5CC05C67-83C1-40E5-88BD-FC30CF024585}.Debug|x64.ActiveCfg = Debug|x64
		{5CC05C67-83C1-40E5-88BD-FC30CF024585}.Debug|x64.Build.0 = Debug|x64
		{5CC05C67-83C1-40E5-88BD-FC30CF024585}.Debug|x86.ActiveCfg = Debug|Win32
		{5CC05C67-83C1-40E5-88BD-FC30CF024585}.Debug|x86.Build.0 = Debug|Win32
		{5CC05C67-83C1-40E5-88BD-FC30CF024585}.Release|x64.ActiveCfg = Release|x64
		{5CC05C67-83C1-40E5-88BD-FC30CF024585}.Release|x64.Build.0 = Release|x64
		{5CC05C67-83C1-40E5-88BD-FC30CF024585}.Release|x86.ActiveCfg = Release|Win32
		{5CC05C67-83C1-40E5-88BD-FC30CF024585}.Release|x86.Build.0 = Release|Win32
	EndGlobalSection
	GlobalSection(SolutionProperties) = preSolution
		HideSolutionNode = FALSE
	EndGlobalSection
	GlobalSection(ExtensibilityGlobals) = postSolution
		SolutionGuid = {2A4216A9-000A-4EAD-BFC0-0B4F46190661}
	EndGlobalSection
EndGlobal
