
Microsoft Visual Studio Solution File, Format Version 12.00
# Visual Studio 15
VisualStudioVersion = 15.0.26730.8
MinimumVisualStudioVersion = 10.0.40219.1
Project("{8BC9CEB8-8B4A-11D0-8D11-00A0C91BC942}") = "Project3 Cube", "Project3 Cube\Project3 Cube.vcxproj", "{0AEDCE11-328C-4401-A5C4-FAEEB44B0916}"
EndProject
Project("{8BC9CEB8-8B4A-11D0-8D11-00A0C91BC942}") = "Project3 Triangle", "Project3 Triangle\Project3 Triangle.vcxproj", "{5405B015-C22B-4249-AFDE-630A477B91C6}"
EndProject
Project("{8BC9CEB8-8B4A-11D0-8D11-00A0C91BC942}") = "Project3 Teapot", "Project3 Teapot\Project3 Teapot.vcxproj", "{1380D893-B539-41E4-9F2E-9381CC923C58}"
EndProject
Project("{8BC9CEB8-8B4A-11D0-8D11-00A0C91BC942}") = "Project3 D3DXCreate", "Project3 D3DXCreate\Project3 D3DXCreate.vcxproj", "{9962B10D-0DC4-4B8E-8B01-46EC5F233CA4}"
EndProject
Project("{8BC9CEB8-8B4A-11D0-8D11-00A0C91BC942}") = "Project1 Init", "Project1 Init\Project1.vcxproj", "{F6288178-C951-457A-B908-CF4E97909F31}"
EndProject
Project("{8BC9CEB8-8B4A-11D0-8D11-00A0C91BC942}") = "Project4 Colore Triangle", "Project4 Colore Triangle\Project4 Colore Triangle.vcxproj", "{51D713BC-03A6-46F9-A78B-B39D6C8A7D66}"
EndProject
Project("{8BC9CEB8-8B4A-11D0-8D11-00A0C91BC942}") = "Project5 Lit Pyramid", "Project5 Lit Pyramid\Project5 Lit Pyramid.vcxproj", "{5CC05C67-83C1-40E5-88BD-FC30CF024585}"
EndProject
Project("{8BC9CEB8-8B4A-11D0-8D11-00A0C91BC942}") = "Project5 Directional Light", "Project5 Directional Light\Project5 Directional Light.vcxproj", "{8776C092-D9AF-4751-BEA8-AC6951AE99C7}"
EndProject
Project("{8BC9CEB8-8B4A-11D0-8D11-00A0C91BC942}") = "Project5 Point Light", "Project5 Point Light\Project5 Point Light.vcxproj", "{711A7A26-FAB8-4134-A5B4-9810B76F3D47}"
EndProject
Project("{8BC9CEB8-8B4A-11D0-8D11-00A0C91BC942}") = "Project5 Spotlight", "Project5 Spotlight\Project5 Spotlight.vcxproj", "{EDD0F27D-62FE-4AE4-8706-7D154CAD0A3B}"
EndProject
Project("{8BC9CEB8-8B4A-11D0-8D11-00A0C91BC942}") = "Project6 TexCube", "Project6 TexCube\Project6 TexCube.vcxproj", "{AB3E5987-659C-4328-BDB3-2E2694CA28C6}"
EndProject
Project("{8BC9CEB8-8B4A-11D0-8D11-00A0C91BC942}") = "Project6 TexQuad", "Project6 TexQuad\Project6 TexQuad.vcxproj", "{7B5403AE-893C-4EDF-B65D-7175BACE7EA9}"
EndProject
Project("{8BC9CEB8-8B4A-11D0-8D11-00A0C91BC942}") = "Project6 AddressModes", "Project6 AddressModes\Project6 AddressModes.vcxproj", "{E3B90ABA-005B-4B15-93D1-ED1E64CB0F73}"
EndProject
Project("{8BC9CEB8-8B4A-11D0-8D11-00A0C91BC942}") = "Project7 TexAlpha", "Project7 TexAlpha\Project7 TexAlpha.vcxproj", "{5CC424FD-1A45-4013-A2A9-FE49EC2FBAB6}"
EndProject
Project("{8BC9CEB8-8B4A-11D0-8D11-00A0C91BC942}") = "Project7 MtrlAlpha", "Project7 MtrlAlpha\Project7 MtrlAlpha.vcxproj", "{56F262AB-3490-431E-BFD1-A4780A059424}"
EndProject
Project("{8BC9CEB8-8B4A-11D0-8D11-00A0C91BC942}") = "Project8 Stencil Mirror", "Project8 Stencil Mirror\Project8 Stencil Mirror.vcxproj", "{C251E530-369C-4F70-B5B4-CDBC918C6D32}"
EndProject
Project("{8BC9CEB8-8B4A-11D0-8D11-00A0C91BC942}") = "Project8 Stencil Shadow", "Project8 Stencil Shadow\Project8 Stencil Shadow.vcxproj", "{F00F8494-9022-4DC3-ADF2-1CB8A9C71F69}"
EndProject
Project("{8BC9CEB8-8B4A-11D0-8D11-00A0C91BC942}") = "Project8 Stencil Mirror Shadow", "Project8 Stencil Mirror Shadow\Project8 Stencil Mirror Shadow.vcxproj", "{9F1BE2DE-6B00-4D98-A8DC-CE11EC368C9F}"
EndProject
Project("{8BC9CEB8-8B4A-11D0-8D11-00A0C91BC942}") = "Project9 CFont", "Project9 CFont\Project9 CFont.vcxproj", "{634D0EBF-C8FB-42FD-BE3A-48EBD2A4830B}"
EndProject
Project("{8BC9CEB8-8B4A-11D0-8D11-00A0C91BC942}") = "Project9 ID3DXFont", "Project9 ID3DXFont\Project9 ID3DXFont.vcxproj", "{63A345FA-4660-4839-A1F0-70302556153C}"
EndProject
Project("{8BC9CEB8-8B4A-11D0-8D11-00A0C91BC942}") = "Project9 D3DXCreateText", "Project9 D3DXCreateText\Project9 D3DXCreateText.vcxproj", "{AC7D49F0-0690-4D57-8F9C-8BE41EC4FF80}"
EndProject
Project("{8BC9CEB8-8B4A-11D0-8D11-00A0C91BC942}") = "Project10 D3DXCreateMeshFVF", "Project10 D3DXCreateMeshFVF\Project10 D3DXCreateMeshFVF.vcxproj", "{42BB25D0-244A-4CC0-8611-9F1BDB9A2A50}"
EndProject
Project("{8BC9CEB8-8B4A-11D0-8D11-00A0C91BC942}") = "Project11 XFile", "Project11 XFile\Project11 XFile.vcxproj", "{EB17E4A7-C947-4B71-8AB6-5717E7BD8EA4}"
EndProject
Project("{8BC9CEB8-8B4A-11D0-8D11-00A0C91BC942}") = "Project11 Progressive Mesh", "Project11 Progressive Mesh\Project11 Progressive Mesh.vcxproj", "{9216A34B-FC31-46A9-A03D-A7A3C6C92C4B}"
EndProject
Project("{8BC9CEB8-8B4A-11D0-8D11-00A0C91BC942}") = "Project11 Bounding Volumes", "Project11 Bounding Volumes\Project11 Bounding Volumes.vcxproj", "{21F7EC42-B685-48C9-B924-C9BAA0936376}"
EndProject
Project("{8BC9CEB8-8B4A-11D0-8D11-00A0C91BC942}") = "Project12 Camera", "Project12 Camera\Project12 Camera.vcxproj", "{1601DD47-77E4-44CE-879F-253F341BE115}"
EndProject
Project("{8BC9CEB8-8B4A-11D0-8D11-00A0C91BC942}") = "Project13 Terrain", "Project13 Terrain\Project13 Terrain.vcxproj", "{023B6417-7143-4BBF-8639-C3481DA19BE7}"
EndProject
Project("{8BC9CEB8-8B4A-11D0-8D11-00A0C91BC942}") = "Project14 Firework System", "Project14 Firework System\Project14 Firework System.vcxproj", "{46E5583E-052A-4D6A-9B99-462B68D1DF32}"
EndProject
Project("{8BC9CEB8-8B4A-11D0-8D11-00A0C91BC942}") = "Project14 Laser System", "Project14 Laser System\Project14 Laser System.vcxproj", "{E96D6942-D540-4E32-9258-CF88092142CB}"
EndProject
Project("{8BC9CEB8-8B4A-11D0-8D11-00A0C91BC942}") = "Project14 Snow System", "Project14 Snow System\Project14 Snow System.vcxproj", "{BF53D905-E7A8-46F5-89FE-FFBFD1AF7CF2}"
EndProject
Project("{8BC9CEB8-8B4A-11D0-8D11-00A0C91BC942}") = "Project15 Pick", "Project15 Pick\Project15 Pick.vcxproj", "{DF065057-65BB-4788-8EE9-BB3C4A79A667}"
EndProject
Project("{8BC9CEB8-8B4A-11D0-8D11-00A0C91BC942}") = "Project16 Transform", "Project16 Transform\Project16 Transform.vcxproj", "{56918AC1-AEEB-41F1-9D08-5B17D9314567}"
EndProject
Project("{8BC9CEB8-8B4A-11D0-8D11-00A0C91BC942}") = "Project17 VS Diffuse Lighting", "Project17 VS Diffuse Lighting\Project17 VS Diffuse Lighting.vcxproj", "{942C83C4-8485-4748-A9A2-11E1A90015AC}"
EndProject
Project("{8BC9CEB8-8B4A-11D0-8D11-00A0C91BC942}") = "Project17 VS Toon 2 With Outlines", "Project17 VS Toon 2 With Outlines\Project17 VS Toon 2 With Outlines.vcxproj", "{9957B8EF-E930-40B7-9915-A124C2604FD6}"
EndProject
Project("{8BC9CEB8-8B4A-11D0-8D11-00A0C91BC942}") = "Project17 VS Toon 1 No Outlines", "Project17 VS Toon 1 No Outlines\Project17 VS Toon 1 No Outlines.vcxproj", "{89421015-F95A-499B-A494-031CBC3AC892}"
EndProject
Project("{8BC9CEB8-8B4A-11D0-8D11-00A0C91BC942}") = "Project18 PS MultiTexture", "Project18 PS MultiTexture\Project18 PS MultiTexture.vcxproj", "{35AC84EE-DB12-4C4A-AC5F-3016CBC5535B}"
EndProject
Project("{8BC9CEB8-8B4A-11D0-8D11-00A0C91BC942}") = "Project19 CartoonEffect", "Project19 CartoonEffect\Project19 CartoonEffect.vcxproj", "{8D5DB03B-9453-4DB3-8068-2F8084BDBF02}"
EndProject
Project("{8BC9CEB8-8B4A-11D0-8D11-00A0C91BC942}") = "Project19 Fog Effect", "Project19 Fog Effect\Project19 Fog Effect.vcxproj", "{C6FFAC9D-3206-4F03-A34B-2A3416133A39}"
EndProject
Project("{8BC9CEB8-8B4A-11D0-8D11-00A0C91BC942}") = "Project19 Lighting and Texturing", "Project19 Lighting and Texturing\Project19 Lighting and Texturing.vcxproj", "{262DD3A6-F875-45F3-98ED-3E28D124EE3A}"
EndProject
Global
	GlobalSection(SolutionConfigurationPlatforms) = preSolution
		Debug|x64 = Debug|x64
		Debug|x86 = Debug|x86
		Release|x64 = Release|x64
		Release|x86 = Release|x86
	EndGlobalSection
	GlobalSection(ProjectConfigurationPlatforms) = postSolution
		{0AEDCE11-328C-4401-A5C4-FAEEB44B0916}.Debug|x64.ActiveCfg = Debug|x64
		{0AEDCE11-328C-4401-A5C4-FAEEB44B0916}.Debug|x64.Build.0 = Debug|x64
		{0AEDCE11-328C-4401-A5C4-FAEEB44B0916}.Debug|x86.ActiveCfg = Debug|Win32
		{0AEDCE11-328C-4401-A5C4-FAEEB44B0916}.Debug|x86.Build.0 = Debug|Win32
		{0AEDCE11-328C-4401-A5C4-FAEEB44B0916}.Release|x64.ActiveCfg = Release|x64
		{0AEDCE11-328C-4401-A5C4-FAEEB44B0916}.Release|x64.Build.0 = Release|x64
		{0AEDCE11-328C-4401-A5C4-FAEEB44B0916}.Release|x86.ActiveCfg = Release|Win32
		{0AEDCE11-328C-4401-A5C4-FAEEB44B0916}.Release|x86.Build.0 = Release|Win32
		{5405B015-C22B-4249-AFDE-630A477B91C6}.Debug|x64.ActiveCfg = Debug|x64
		{5405B015-C22B-4249-AFDE-630A477B91C6}.Debug|x64.Build.0 = Debug|x64
		{5405B015-C22B-4249-AFDE-630A477B91C6}.Debug|x86.ActiveCfg = Debug|Win32
		{5405B015-C22B-4249-AFDE-630A477B91C6}.Debug|x86.Build.0 = Debug|Win32
		{5405B015-C22B-4249-AFDE-630A477B91C6}.Release|x64.ActiveCfg = Release|x64
		{5405B015-C22B-4249-AFDE-630A477B91C6}.Release|x64.Build.0 = Release|x64
		{5405B015-C22B-4249-AFDE-630A477B91C6}.Release|x86.ActiveCfg = Release|Win32
		{5405B015-C22B-4249-AFDE-630A477B91C6}.Release|x86.Build.0 = Release|Win32
		{1380D893-B539-41E4-9F2E-9381CC923C58}.Debug|x64.ActiveCfg = Debug|x64
		{1380D893-B539-41E4-9F2E-9381CC923C58}.Debug|x64.Build.0 = Debug|x64
		{1380D893-B539-41E4-9F2E-9381CC923C58}.Debug|x86.ActiveCfg = Debug|Win32
		{1380D893-B539-41E4-9F2E-9381CC923C58}.Debug|x86.Build.0 = Debug|Win32
		{1380D893-B539-41E4-9F2E-9381CC923C58}.Release|x64.ActiveCfg = Release|x64
		{1380D893-B539-41E4-9F2E-9381CC923C58}.Release|x64.Build.0 = Release|x64
		{1380D893-B539-41E4-9F2E-9381CC923C58}.Release|x86.ActiveCfg = Release|Win32
		{1380D893-B539-41E4-9F2E-9381CC923C58}.Release|x86.Build.0 = Release|Win32
		{9962B10D-0DC4-4B8E-8B01-46EC5F233CA4}.Debug|x64.ActiveCfg = Debug|x64
		{9962B10D-0DC4-4B8E-8B01-46EC5F233CA4}.Debug|x64.Build.0 = Debug|x64
		{9962B10D-0DC4-4B8E-8B01-46EC5F233CA4}.Debug|x86.ActiveCfg = Debug|Win32
		{9962B10D-0DC4-4B8E-8B01-46EC5F233CA4}.Debug|x86.Build.0 = Debug|Win32
		{9962B10D-0DC4-4B8E-8B01-46EC5F233CA4}.Release|x64.ActiveCfg = Release|x64
		{9962B10D-0DC4-4B8E-8B01-46EC5F233CA4}.Release|x64.Build.0 = Release|x64
		{9962B10D-0DC4-4B8E-8B01-46EC5F233CA4}.Release|x86.ActiveCfg = Release|Win32
		{9962B10D-0DC4-4B8E-8B01-46EC5F233CA4}.Release|x86.Build.0 = Release|Win32
		{F6288178-C951-457A-B908-CF4E97909F31}.Debug|x64.ActiveCfg = Debug|x64
		{F6288178-C951-457A-B908-CF4E97909F31}.Debug|x64.Build.0 = Debug|x64
		{F6288178-C951-457A-B908-CF4E97909F31}.Debug|x86.ActiveCfg = Debug|Win32
		{F6288178-C951-457A-B908-CF4E97909F31}.Debug|x86.Build.0 = Debug|Win32
		{F6288178-C951-457A-B908-CF4E97909F31}.Release|x64.ActiveCfg = Release|x64
		{F6288178-C951-457A-B908-CF4E97909F31}.Release|x64.Build.0 = Release|x64
		{F6288178-C951-457A-B908-CF4E97909F31}.Release|x86.ActiveCfg = Release|Win32
		{F6288178-C951-457A-B908-CF4E97909F31}.Release|x86.Build.0 = Release|Win32
		{51D713BC-03A6-46F9-A78B-B39D6C8A7D66}.Debug|x64.ActiveCfg = Debug|x64
		{51D713BC-03A6-46F9-A78B-B39D6C8A7D66}.Debug|x64.Build.0 = Debug|x64
		{51D713BC-03A6-46F9-A78B-B39D6C8A7D66}.Debug|x86.ActiveCfg = Debug|Win32
		{51D713BC-03A6-46F9-A78B-B39D6C8A7D66}.Debug|x86.Build.0 = Debug|Win32
		{51D713BC-03A6-46F9-A78B-B39D6C8A7D66}.Release|x64.ActiveCfg = Release|x64
		{51D713BC-03A6-46F9-A78B-B39D6C8A7D66}.Release|x64.Build.0 = Release|x64
		{51D713BC-03A6-46F9-A78B-B39D6C8A7D66}.Release|x86.ActiveCfg = Release|Win32
		{51D713BC-03A6-46F9-A78B-B39D6C8A7D66}.Release|x86.Build.0 = Release|Win32
		{5CC05C67-83C1-40E5-88BD-FC30CF024585}.Debug|x64.ActiveCfg = Debug|x64
		{5CC05C67-83C1-40E5-88BD-FC30CF024585}.Debug|x64.Build.0 = Debug|x64
		{5CC05C67-83C1-40E5-88BD-FC30CF024585}.Debug|x86.ActiveCfg = Debug|Win32
		{5CC05C67-83C1-40E5-88BD-FC30CF024585}.Debug|x86.Build.0 = Debug|Win32
		{5CC05C67-83C1-40E5-88BD-FC30CF024585}.Release|x64.ActiveCfg = Release|x64
		{5CC05C67-83C1-40E5-88BD-FC30CF024585}.Release|x64.Build.0 = Release|x64
		{5CC05C67-83C1-40E5-88BD-FC30CF024585}.Release|x86.ActiveCfg = Release|Win32
		{5CC05C67-83C1-40E5-88BD-FC30CF024585}.Release|x86.Build.0 = Release|Win32
		{8776C092-D9AF-4751-BEA8-AC6951AE99C7}.Debug|x64.ActiveCfg = Debug|x64
		{8776C092-D9AF-4751-BEA8-AC6951AE99C7}.Debug|x64.Build.0 = Debug|x64
		{8776C092-D9AF-4751-BEA8-AC6951AE99C7}.Debug|x86.ActiveCfg = Debug|Win32
		{8776C092-D9AF-4751-BEA8-AC6951AE99C7}.Debug|x86.Build.0 = Debug|Win32
		{8776C092-D9AF-4751-BEA8-AC6951AE99C7}.Release|x64.ActiveCfg = Release|x64
		{8776C092-D9AF-4751-BEA8-AC6951AE99C7}.Release|x64.Build.0 = Release|x64
		{8776C092-D9AF-4751-BEA8-AC6951AE99C7}.Release|x86.ActiveCfg = Release|Win32
		{8776C092-D9AF-4751-BEA8-AC6951AE99C7}.Release|x86.Build.0 = Release|Win32
		{711A7A26-FAB8-4134-A5B4-9810B76F3D47}.Debug|x64.ActiveCfg = Debug|x64
		{711A7A26-FAB8-4134-A5B4-9810B76F3D47}.Debug|x64.Build.0 = Debug|x64
		{711A7A26-FAB8-4134-A5B4-9810B76F3D47}.Debug|x86.ActiveCfg = Debug|Win32
		{711A7A26-FAB8-4134-A5B4-9810B76F3D47}.Debug|x86.Build.0 = Debug|Win32
		{711A7A26-FAB8-4134-A5B4-9810B76F3D47}.Release|x64.ActiveCfg = Release|x64
		{711A7A26-FAB8-4134-A5B4-9810B76F3D47}.Release|x64.Build.0 = Release|x64
		{711A7A26-FAB8-4134-A5B4-9810B76F3D47}.Release|x86.ActiveCfg = Release|Win32
		{711A7A26-FAB8-4134-A5B4-9810B76F3D47}.Release|x86.Build.0 = Release|Win32
		{EDD0F27D-62FE-4AE4-8706-7D154CAD0A3B}.Debug|x64.ActiveCfg = Debug|x64
		{EDD0F27D-62FE-4AE4-8706-7D154CAD0A3B}.Debug|x64.Build.0 = Debug|x64
		{EDD0F27D-62FE-4AE4-8706-7D154CAD0A3B}.Debug|x86.ActiveCfg = Debug|Win32
		{EDD0F27D-62FE-4AE4-8706-7D154CAD0A3B}.Debug|x86.Build.0 = Debug|Win32
		{EDD0F27D-62FE-4AE4-8706-7D154CAD0A3B}.Release|x64.ActiveCfg = Release|x64
		{EDD0F27D-62FE-4AE4-8706-7D154CAD0A3B}.Release|x64.Build.0 = Release|x64
		{EDD0F27D-62FE-4AE4-8706-7D154CAD0A3B}.Release|x86.ActiveCfg = Release|Win32
		{EDD0F27D-62FE-4AE4-8706-7D154CAD0A3B}.Release|x86.Build.0 = Release|Win32
		{AB3E5987-659C-4328-BDB3-2E2694CA28C6}.Debug|x64.ActiveCfg = Debug|x64
		{AB3E5987-659C-4328-BDB3-2E2694CA28C6}.Debug|x64.Build.0 = Debug|x64
		{AB3E5987-659C-4328-BDB3-2E2694CA28C6}.Debug|x86.ActiveCfg = Debug|Win32
		{AB3E5987-659C-4328-BDB3-2E2694CA28C6}.Debug|x86.Build.0 = Debug|Win32
		{AB3E5987-659C-4328-BDB3-2E2694CA28C6}.Release|x64.ActiveCfg = Release|x64
		{AB3E5987-659C-4328-BDB3-2E2694CA28C6}.Release|x64.Build.0 = Release|x64
		{AB3E5987-659C-4328-BDB3-2E2694CA28C6}.Release|x86.ActiveCfg = Release|Win32
		{AB3E5987-659C-4328-BDB3-2E2694CA28C6}.Release|x86.Build.0 = Release|Win32
		{7B5403AE-893C-4EDF-B65D-7175BACE7EA9}.Debug|x64.ActiveCfg = Debug|x64
		{7B5403AE-893C-4EDF-B65D-7175BACE7EA9}.Debug|x64.Build.0 = Debug|x64
		{7B5403AE-893C-4EDF-B65D-7175BACE7EA9}.Debug|x86.ActiveCfg = Debug|Win32
		{7B5403AE-893C-4EDF-B65D-7175BACE7EA9}.Debug|x86.Build.0 = Debug|Win32
		{7B5403AE-893C-4EDF-B65D-7175BACE7EA9}.Release|x64.ActiveCfg = Release|x64
		{7B5403AE-893C-4EDF-B65D-7175BACE7EA9}.Release|x64.Build.0 = Release|x64
		{7B5403AE-893C-4EDF-B65D-7175BACE7EA9}.Release|x86.ActiveCfg = Release|Win32
		{7B5403AE-893C-4EDF-B65D-7175BACE7EA9}.Release|x86.Build.0 = Release|Win32
		{E3B90ABA-005B-4B15-93D1-ED1E64CB0F73}.Debug|x64.ActiveCfg = Debug|x64
		{E3B90ABA-005B-4B15-93D1-ED1E64CB0F73}.Debug|x64.Build.0 = Debug|x64
		{E3B90ABA-005B-4B15-93D1-ED1E64CB0F73}.Debug|x86.ActiveCfg = Debug|Win32
		{E3B90ABA-005B-4B15-93D1-ED1E64CB0F73}.Debug|x86.Build.0 = Debug|Win32
		{E3B90ABA-005B-4B15-93D1-ED1E64CB0F73}.Release|x64.ActiveCfg = Release|x64
		{E3B90ABA-005B-4B15-93D1-ED1E64CB0F73}.Release|x64.Build.0 = Release|x64
		{E3B90ABA-005B-4B15-93D1-ED1E64CB0F73}.Release|x86.ActiveCfg = Release|Win32
		{E3B90ABA-005B-4B15-93D1-ED1E64CB0F73}.Release|x86.Build.0 = Release|Win32
		{5CC424FD-1A45-4013-A2A9-FE49EC2FBAB6}.Debug|x64.ActiveCfg = Debug|x64
		{5CC424FD-1A45-4013-A2A9-FE49EC2FBAB6}.Debug|x64.Build.0 = Debug|x64
		{5CC424FD-1A45-4013-A2A9-FE49EC2FBAB6}.Debug|x86.ActiveCfg = Debug|Win32
		{5CC424FD-1A45-4013-A2A9-FE49EC2FBAB6}.Debug|x86.Build.0 = Debug|Win32
		{5CC424FD-1A45-4013-A2A9-FE49EC2FBAB6}.Release|x64.ActiveCfg = Release|x64
		{5CC424FD-1A45-4013-A2A9-FE49EC2FBAB6}.Release|x64.Build.0 = Release|x64
		{5CC424FD-1A45-4013-A2A9-FE49EC2FBAB6}.Release|x86.ActiveCfg = Release|Win32
		{5CC424FD-1A45-4013-A2A9-FE49EC2FBAB6}.Release|x86.Build.0 = Release|Win32
		{56F262AB-3490-431E-BFD1-A4780A059424}.Debug|x64.ActiveCfg = Debug|x64
		{56F262AB-3490-431E-BFD1-A4780A059424}.Debug|x64.Build.0 = Debug|x64
		{56F262AB-3490-431E-BFD1-A4780A059424}.Debug|x86.ActiveCfg = Debug|Win32
		{56F262AB-3490-431E-BFD1-A4780A059424}.Debug|x86.Build.0 = Debug|Win32
		{56F262AB-3490-431E-BFD1-A4780A059424}.Release|x64.ActiveCfg = Release|x64
		{56F262AB-3490-431E-BFD1-A4780A059424}.Release|x64.Build.0 = Release|x64
		{56F262AB-3490-431E-BFD1-A4780A059424}.Release|x86.ActiveCfg = Release|Win32
		{56F262AB-3490-431E-BFD1-A4780A059424}.Release|x86.Build.0 = Release|Win32
		{C251E530-369C-4F70-B5B4-CDBC918C6D32}.Debug|x64.ActiveCfg = Debug|x64
		{C251E530-369C-4F70-B5B4-CDBC918C6D32}.Debug|x64.Build.0 = Debug|x64
		{C251E530-369C-4F70-B5B4-CDBC918C6D32}.Debug|x86.ActiveCfg = Debug|Win32
		{C251E530-369C-4F70-B5B4-CDBC918C6D32}.Debug|x86.Build.0 = Debug|Win32
		{C251E530-369C-4F70-B5B4-CDBC918C6D32}.Release|x64.ActiveCfg = Release|x64
		{C251E530-369C-4F70-B5B4-CDBC918C6D32}.Release|x64.Build.0 = Release|x64
		{C251E530-369C-4F70-B5B4-CDBC918C6D32}.Release|x86.ActiveCfg = Release|Win32
		{C251E530-369C-4F70-B5B4-CDBC918C6D32}.Release|x86.Build.0 = Release|Win32
		{F00F8494-9022-4DC3-ADF2-1CB8A9C71F69}.Debug|x64.ActiveCfg = Debug|x64
		{F00F8494-9022-4DC3-ADF2-1CB8A9C71F69}.Debug|x64.Build.0 = Debug|x64
		{F00F8494-9022-4DC3-ADF2-1CB8A9C71F69}.Debug|x86.ActiveCfg = Debug|Win32
		{F00F8494-9022-4DC3-ADF2-1CB8A9C71F69}.Debug|x86.Build.0 = Debug|Win32
		{F00F8494-9022-4DC3-ADF2-1CB8A9C71F69}.Release|x64.ActiveCfg = Release|x64
		{F00F8494-9022-4DC3-ADF2-1CB8A9C71F69}.Release|x64.Build.0 = Release|x64
		{F00F8494-9022-4DC3-ADF2-1CB8A9C71F69}.Release|x86.ActiveCfg = Release|Win32
		{F00F8494-9022-4DC3-ADF2-1CB8A9C71F69}.Release|x86.Build.0 = Release|Win32
		{9F1BE2DE-6B00-4D98-A8DC-CE11EC368C9F}.Debug|x64.ActiveCfg = Debug|x64
		{9F1BE2DE-6B00-4D98-A8DC-CE11EC368C9F}.Debug|x64.Build.0 = Debug|x64
		{9F1BE2DE-6B00-4D98-A8DC-CE11EC368C9F}.Debug|x86.ActiveCfg = Debug|Win32
		{9F1BE2DE-6B00-4D98-A8DC-CE11EC368C9F}.Debug|x86.Build.0 = Debug|Win32
		{9F1BE2DE-6B00-4D98-A8DC-CE11EC368C9F}.Release|x64.ActiveCfg = Release|x64
		{9F1BE2DE-6B00-4D98-A8DC-CE11EC368C9F}.Release|x64.Build.0 = Release|x64
		{9F1BE2DE-6B00-4D98-A8DC-CE11EC368C9F}.Release|x86.ActiveCfg = Release|Win32
		{9F1BE2DE-6B00-4D98-A8DC-CE11EC368C9F}.Release|x86.Build.0 = Release|Win32
		{634D0EBF-C8FB-42FD-BE3A-48EBD2A4830B}.Debug|x64.ActiveCfg = Debug|x64
		{634D0EBF-C8FB-42FD-BE3A-48EBD2A4830B}.Debug|x64.Build.0 = Debug|x64
		{634D0EBF-C8FB-42FD-BE3A-48EBD2A4830B}.Debug|x86.ActiveCfg = Debug|Win32
		{634D0EBF-C8FB-42FD-BE3A-48EBD2A4830B}.Debug|x86.Build.0 = Debug|Win32
		{634D0EBF-C8FB-42FD-BE3A-48EBD2A4830B}.Release|x64.ActiveCfg = Release|x64
		{634D0EBF-C8FB-42FD-BE3A-48EBD2A4830B}.Release|x64.Build.0 = Release|x64
		{634D0EBF-C8FB-42FD-BE3A-48EBD2A4830B}.Release|x86.ActiveCfg = Release|Win32
		{634D0EBF-C8FB-42FD-BE3A-48EBD2A4830B}.Release|x86.Build.0 = Release|Win32
		{63A345FA-4660-4839-A1F0-70302556153C}.Debug|x64.ActiveCfg = Debug|x64
		{63A345FA-4660-4839-A1F0-70302556153C}.Debug|x64.Build.0 = Debug|x64
		{63A345FA-4660-4839-A1F0-70302556153C}.Debug|x86.ActiveCfg = Debug|Win32
		{63A345FA-4660-4839-A1F0-70302556153C}.Debug|x86.Build.0 = Debug|Win32
		{63A345FA-4660-4839-A1F0-70302556153C}.Release|x64.ActiveCfg = Release|x64
		{63A345FA-4660-4839-A1F0-70302556153C}.Release|x64.Build.0 = Release|x64
		{63A345FA-4660-4839-A1F0-70302556153C}.Release|x86.ActiveCfg = Release|Win32
		{63A345FA-4660-4839-A1F0-70302556153C}.Release|x86.Build.0 = Release|Win32
		{AC7D49F0-0690-4D57-8F9C-8BE41EC4FF80}.Debug|x64.ActiveCfg = Debug|x64
		{AC7D49F0-0690-4D57-8F9C-8BE41EC4FF80}.Debug|x64.Build.0 = Debug|x64
		{AC7D49F0-0690-4D57-8F9C-8BE41EC4FF80}.Debug|x86.ActiveCfg = Debug|Win32
		{AC7D49F0-0690-4D57-8F9C-8BE41EC4FF80}.Debug|x86.Build.0 = Debug|Win32
		{AC7D49F0-0690-4D57-8F9C-8BE41EC4FF80}.Release|x64.ActiveCfg = Release|x64
		{AC7D49F0-0690-4D57-8F9C-8BE41EC4FF80}.Release|x64.Build.0 = Release|x64
		{AC7D49F0-0690-4D57-8F9C-8BE41EC4FF80}.Release|x86.ActiveCfg = Release|Win32
		{AC7D49F0-0690-4D57-8F9C-8BE41EC4FF80}.Release|x86.Build.0 = Release|Win32
		{42BB25D0-244A-4CC0-8611-9F1BDB9A2A50}.Debug|x64.ActiveCfg = Debug|x64
		{42BB25D0-244A-4CC0-8611-9F1BDB9A2A50}.Debug|x64.Build.0 = Debug|x64
		{42BB25D0-244A-4CC0-8611-9F1BDB9A2A50}.Debug|x86.ActiveCfg = Debug|Win32
		{42BB25D0-244A-4CC0-8611-9F1BDB9A2A50}.Debug|x86.Build.0 = Debug|Win32
		{42BB25D0-244A-4CC0-8611-9F1BDB9A2A50}.Release|x64.ActiveCfg = Release|x64
		{42BB25D0-244A-4CC0-8611-9F1BDB9A2A50}.Release|x64.Build.0 = Release|x64
		{42BB25D0-244A-4CC0-8611-9F1BDB9A2A50}.Release|x86.ActiveCfg = Release|Win32
		{42BB25D0-244A-4CC0-8611-9F1BDB9A2A50}.Release|x86.Build.0 = Release|Win32
		{EB17E4A7-C947-4B71-8AB6-5717E7BD8EA4}.Debug|x64.ActiveCfg = Debug|x64
		{EB17E4A7-C947-4B71-8AB6-5717E7BD8EA4}.Debug|x64.Build.0 = Debug|x64
		{EB17E4A7-C947-4B71-8AB6-5717E7BD8EA4}.Debug|x86.ActiveCfg = Debug|Win32
		{EB17E4A7-C947-4B71-8AB6-5717E7BD8EA4}.Debug|x86.Build.0 = Debug|Win32
		{EB17E4A7-C947-4B71-8AB6-5717E7BD8EA4}.Release|x64.ActiveCfg = Release|x64
		{EB17E4A7-C947-4B71-8AB6-5717E7BD8EA4}.Release|x64.Build.0 = Release|x64
		{EB17E4A7-C947-4B71-8AB6-5717E7BD8EA4}.Release|x86.ActiveCfg = Release|Win32
		{EB17E4A7-C947-4B71-8AB6-5717E7BD8EA4}.Release|x86.Build.0 = Release|Win32
		{9216A34B-FC31-46A9-A03D-A7A3C6C92C4B}.Debug|x64.ActiveCfg = Debug|x64
		{9216A34B-FC31-46A9-A03D-A7A3C6C92C4B}.Debug|x64.Build.0 = Debug|x64
		{9216A34B-FC31-46A9-A03D-A7A3C6C92C4B}.Debug|x86.ActiveCfg = Debug|Win32
		{9216A34B-FC31-46A9-A03D-A7A3C6C92C4B}.Debug|x86.Build.0 = Debug|Win32
		{9216A34B-FC31-46A9-A03D-A7A3C6C92C4B}.Release|x64.ActiveCfg = Release|x64
		{9216A34B-FC31-46A9-A03D-A7A3C6C92C4B}.Release|x64.Build.0 = Release|x64
		{9216A34B-FC31-46A9-A03D-A7A3C6C92C4B}.Release|x86.ActiveCfg = Release|Win32
		{9216A34B-FC31-46A9-A03D-A7A3C6C92C4B}.Release|x86.Build.0 = Release|Win32
		{21F7EC42-B685-48C9-B924-C9BAA0936376}.Debug|x64.ActiveCfg = Debug|x64
		{21F7EC42-B685-48C9-B924-C9BAA0936376}.Debug|x64.Build.0 = Debug|x64
		{21F7EC42-B685-48C9-B924-C9BAA0936376}.Debug|x86.ActiveCfg = Debug|Win32
		{21F7EC42-B685-48C9-B924-C9BAA0936376}.Debug|x86.Build.0 = Debug|Win32
		{21F7EC42-B685-48C9-B924-C9BAA0936376}.Release|x64.ActiveCfg = Release|x64
		{21F7EC42-B685-48C9-B924-C9BAA0936376}.Release|x64.Build.0 = Release|x64
		{21F7EC42-B685-48C9-B924-C9BAA0936376}.Release|x86.ActiveCfg = Release|Win32
		{21F7EC42-B685-48C9-B924-C9BAA0936376}.Release|x86.Build.0 = Release|Win32
		{1601DD47-77E4-44CE-879F-253F341BE115}.Debug|x64.ActiveCfg = Debug|x64
		{1601DD47-77E4-44CE-879F-253F341BE115}.Debug|x64.Build.0 = Debug|x64
		{1601DD47-77E4-44CE-879F-253F341BE115}.Debug|x86.ActiveCfg = Debug|Win32
		{1601DD47-77E4-44CE-879F-253F341BE115}.Debug|x86.Build.0 = Debug|Win32
		{1601DD47-77E4-44CE-879F-253F341BE115}.Release|x64.ActiveCfg = Release|x64
		{1601DD47-77E4-44CE-879F-253F341BE115}.Release|x64.Build.0 = Release|x64
		{1601DD47-77E4-44CE-879F-253F341BE115}.Release|x86.ActiveCfg = Release|Win32
		{1601DD47-77E4-44CE-879F-253F341BE115}.Release|x86.Build.0 = Release|Win32
		{023B6417-7143-4BBF-8639-C3481DA19BE7}.Debug|x64.ActiveCfg = Debug|x64
		{023B6417-7143-4BBF-8639-C3481DA19BE7}.Debug|x64.Build.0 = Debug|x64
		{023B6417-7143-4BBF-8639-C3481DA19BE7}.Debug|x86.ActiveCfg = Debug|Win32
		{023B6417-7143-4BBF-8639-C3481DA19BE7}.Debug|x86.Build.0 = Debug|Win32
		{023B6417-7143-4BBF-8639-C3481DA19BE7}.Release|x64.ActiveCfg = Release|x64
		{023B6417-7143-4BBF-8639-C3481DA19BE7}.Release|x64.Build.0 = Release|x64
		{023B6417-7143-4BBF-8639-C3481DA19BE7}.Release|x86.ActiveCfg = Release|Win32
		{023B6417-7143-4BBF-8639-C3481DA19BE7}.Release|x86.Build.0 = Release|Win32
		{46E5583E-052A-4D6A-9B99-462B68D1DF32}.Debug|x64.ActiveCfg = Debug|x64
		{46E5583E-052A-4D6A-9B99-462B68D1DF32}.Debug|x64.Build.0 = Debug|x64
		{46E5583E-052A-4D6A-9B99-462B68D1DF32}.Debug|x86.ActiveCfg = Debug|Win32
		{46E5583E-052A-4D6A-9B99-462B68D1DF32}.Debug|x86.Build.0 = Debug|Win32
		{46E5583E-052A-4D6A-9B99-462B68D1DF32}.Release|x64.ActiveCfg = Release|x64
		{46E5583E-052A-4D6A-9B99-462B68D1DF32}.Release|x64.Build.0 = Release|x64
		{46E5583E-052A-4D6A-9B99-462B68D1DF32}.Release|x86.ActiveCfg = Release|Win32
		{46E5583E-052A-4D6A-9B99-462B68D1DF32}.Release|x86.Build.0 = Release|Win32
		{E96D6942-D540-4E32-9258-CF88092142CB}.Debug|x64.ActiveCfg = Debug|x64
		{E96D6942-D540-4E32-9258-CF88092142CB}.Debug|x64.Build.0 = Debug|x64
		{E96D6942-D540-4E32-9258-CF88092142CB}.Debug|x86.ActiveCfg = Debug|Win32
		{E96D6942-D540-4E32-9258-CF88092142CB}.Debug|x86.Build.0 = Debug|Win32
		{E96D6942-D540-4E32-9258-CF88092142CB}.Release|x64.ActiveCfg = Release|x64
		{E96D6942-D540-4E32-9258-CF88092142CB}.Release|x64.Build.0 = Release|x64
		{E96D6942-D540-4E32-9258-CF88092142CB}.Release|x86.ActiveCfg = Release|Win32
		{E96D6942-D540-4E32-9258-CF88092142CB}.Release|x86.Build.0 = Release|Win32
		{BF53D905-E7A8-46F5-89FE-FFBFD1AF7CF2}.Debug|x64.ActiveCfg = Debug|x64
		{BF53D905-E7A8-46F5-89FE-FFBFD1AF7CF2}.Debug|x64.Build.0 = Debug|x64
		{BF53D905-E7A8-46F5-89FE-FFBFD1AF7CF2}.Debug|x86.ActiveCfg = Debug|Win32
		{BF53D905-E7A8-46F5-89FE-FFBFD1AF7CF2}.Debug|x86.Build.0 = Debug|Win32
		{BF53D905-E7A8-46F5-89FE-FFBFD1AF7CF2}.Release|x64.ActiveCfg = Release|x64
		{BF53D905-E7A8-46F5-89FE-FFBFD1AF7CF2}.Release|x64.Build.0 = Release|x64
		{BF53D905-E7A8-46F5-89FE-FFBFD1AF7CF2}.Release|x86.ActiveCfg = Release|Win32
		{BF53D905-E7A8-46F5-89FE-FFBFD1AF7CF2}.Release|x86.Build.0 = Release|Win32
		{DF065057-65BB-4788-8EE9-BB3C4A79A667}.Debug|x64.ActiveCfg = Debug|x64
		{DF065057-65BB-4788-8EE9-BB3C4A79A667}.Debug|x64.Build.0 = Debug|x64
		{DF065057-65BB-4788-8EE9-BB3C4A79A667}.Debug|x86.ActiveCfg = Debug|Win32
		{DF065057-65BB-4788-8EE9-BB3C4A79A667}.Debug|x86.Build.0 = Debug|Win32
		{DF065057-65BB-4788-8EE9-BB3C4A79A667}.Release|x64.ActiveCfg = Release|x64
		{DF065057-65BB-4788-8EE9-BB3C4A79A667}.Release|x64.Build.0 = Release|x64
		{DF065057-65BB-4788-8EE9-BB3C4A79A667}.Release|x86.ActiveCfg = Release|Win32
		{DF065057-65BB-4788-8EE9-BB3C4A79A667}.Release|x86.Build.0 = Release|Win32
		{56918AC1-AEEB-41F1-9D08-5B17D9314567}.Debug|x64.ActiveCfg = Debug|x64
		{56918AC1-AEEB-41F1-9D08-5B17D9314567}.Debug|x64.Build.0 = Debug|x64
		{56918AC1-AEEB-41F1-9D08-5B17D9314567}.Debug|x86.ActiveCfg = Debug|Win32
		{56918AC1-AEEB-41F1-9D08-5B17D9314567}.Debug|x86.Build.0 = Debug|Win32
		{56918AC1-AEEB-41F1-9D08-5B17D9314567}.Release|x64.ActiveCfg = Release|x64
		{56918AC1-AEEB-41F1-9D08-5B17D9314567}.Release|x64.Build.0 = Release|x64
		{56918AC1-AEEB-41F1-9D08-5B17D9314567}.Release|x86.ActiveCfg = Release|Win32
		{56918AC1-AEEB-41F1-9D08-5B17D9314567}.Release|x86.Build.0 = Release|Win32
		{942C83C4-8485-4748-A9A2-11E1A90015AC}.Debug|x64.ActiveCfg = Debug|x64
		{942C83C4-8485-4748-A9A2-11E1A90015AC}.Debug|x64.Build.0 = Debug|x64
		{942C83C4-8485-4748-A9A2-11E1A90015AC}.Debug|x86.ActiveCfg = Debug|Win32
		{942C83C4-8485-4748-A9A2-11E1A90015AC}.Debug|x86.Build.0 = Debug|Win32
		{942C83C4-8485-4748-A9A2-11E1A90015AC}.Release|x64.ActiveCfg = Release|x64
		{942C83C4-8485-4748-A9A2-11E1A90015AC}.Release|x64.Build.0 = Release|x64
		{942C83C4-8485-4748-A9A2-11E1A90015AC}.Release|x86.ActiveCfg = Release|Win32
		{942C83C4-8485-4748-A9A2-11E1A90015AC}.Release|x86.Build.0 = Release|Win32
		{9957B8EF-E930-40B7-9915-A124C2604FD6}.Debug|x64.ActiveCfg = Debug|x64
		{9957B8EF-E930-40B7-9915-A124C2604FD6}.Debug|x64.Build.0 = Debug|x64
		{9957B8EF-E930-40B7-9915-A124C2604FD6}.Debug|x86.ActiveCfg = Debug|Win32
		{9957B8EF-E930-40B7-9915-A124C2604FD6}.Debug|x86.Build.0 = Debug|Win32
		{9957B8EF-E930-40B7-9915-A124C2604FD6}.Release|x64.ActiveCfg = Release|x64
		{9957B8EF-E930-40B7-9915-A124C2604FD6}.Release|x64.Build.0 = Release|x64
		{9957B8EF-E930-40B7-9915-A124C2604FD6}.Release|x86.ActiveCfg = Release|Win32
		{9957B8EF-E930-40B7-9915-A124C2604FD6}.Release|x86.Build.0 = Release|Win32
		{89421015-F95A-499B-A494-031CBC3AC892}.Debug|x64.ActiveCfg = Debug|x64
		{89421015-F95A-499B-A494-031CBC3AC892}.Debug|x64.Build.0 = Debug|x64
		{89421015-F95A-499B-A494-031CBC3AC892}.Debug|x86.ActiveCfg = Debug|Win32
		{89421015-F95A-499B-A494-031CBC3AC892}.Debug|x86.Build.0 = Debug|Win32
		{89421015-F95A-499B-A494-031CBC3AC892}.Release|x64.ActiveCfg = Release|x64
		{89421015-F95A-499B-A494-031CBC3AC892}.Release|x64.Build.0 = Release|x64
		{89421015-F95A-499B-A494-031CBC3AC892}.Release|x86.ActiveCfg = Release|Win32
		{89421015-F95A-499B-A494-031CBC3AC892}.Release|x86.Build.0 = Release|Win32
		{35AC84EE-DB12-4C4A-AC5F-3016CBC5535B}.Debug|x64.ActiveCfg = Debug|x64
		{35AC84EE-DB12-4C4A-AC5F-3016CBC5535B}.Debug|x64.Build.0 = Debug|x64
		{35AC84EE-DB12-4C4A-AC5F-3016CBC5535B}.Debug|x86.ActiveCfg = Debug|Win32
		{35AC84EE-DB12-4C4A-AC5F-3016CBC5535B}.Debug|x86.Build.0 = Debug|Win32
		{35AC84EE-DB12-4C4A-AC5F-3016CBC5535B}.Release|x64.ActiveCfg = Release|x64
		{35AC84EE-DB12-4C4A-AC5F-3016CBC5535B}.Release|x64.Build.0 = Release|x64
		{35AC84EE-DB12-4C4A-AC5F-3016CBC5535B}.Release|x86.ActiveCfg = Release|Win32
		{35AC84EE-DB12-4C4A-AC5F-3016CBC5535B}.Release|x86.Build.0 = Release|Win32
		{8D5DB03B-9453-4DB3-8068-2F8084BDBF02}.Debug|x64.ActiveCfg = Debug|x64
		{8D5DB03B-9453-4DB3-8068-2F8084BDBF02}.Debug|x64.Build.0 = Debug|x64
		{8D5DB03B-9453-4DB3-8068-2F8084BDBF02}.Debug|x86.ActiveCfg = Debug|Win32
		{8D5DB03B-9453-4DB3-8068-2F8084BDBF02}.Debug|x86.Build.0 = Debug|Win32
		{8D5DB03B-9453-4DB3-8068-2F8084BDBF02}.Release|x64.ActiveCfg = Release|x64
		{8D5DB03B-9453-4DB3-8068-2F8084BDBF02}.Release|x64.Build.0 = Release|x64
		{8D5DB03B-9453-4DB3-8068-2F8084BDBF02}.Release|x86.ActiveCfg = Release|Win32
		{8D5DB03B-9453-4DB3-8068-2F8084BDBF02}.Release|x86.Build.0 = Release|Win32
		{C6FFAC9D-3206-4F03-A34B-2A3416133A39}.Debug|x64.ActiveCfg = Debug|x64
		{C6FFAC9D-3206-4F03-A34B-2A3416133A39}.Debug|x64.Build.0 = Debug|x64
		{C6FFAC9D-3206-4F03-A34B-2A3416133A39}.Debug|x86.ActiveCfg = Debug|Win32
		{C6FFAC9D-3206-4F03-A34B-2A3416133A39}.Debug|x86.Build.0 = Debug|Win32
		{C6FFAC9D-3206-4F03-A34B-2A3416133A39}.Release|x64.ActiveCfg = Release|x64
		{C6FFAC9D-3206-4F03-A34B-2A3416133A39}.Release|x64.Build.0 = Release|x64
		{C6FFAC9D-3206-4F03-A34B-2A3416133A39}.Release|x86.ActiveCfg = Release|Win32
		{C6FFAC9D-3206-4F03-A34B-2A3416133A39}.Release|x86.Build.0 = Release|Win32
		{262DD3A6-F875-45F3-98ED-3E28D124EE3A}.Debug|x64.ActiveCfg = Debug|x64
		{262DD3A6-F875-45F3-98ED-3E28D124EE3A}.Debug|x64.Build.0 = Debug|x64
		{262DD3A6-F875-45F3-98ED-3E28D124EE3A}.Debug|x86.ActiveCfg = Debug|Win32
		{262DD3A6-F875-45F3-98ED-3E28D124EE3A}.Debug|x86.Build.0 = Debug|Win32
		{262DD3A6-F875-45F3-98ED-3E28D124EE3A}.Release|x64.ActiveCfg = Release|x64
		{262DD3A6-F875-45F3-98ED-3E28D124EE3A}.Release|x64.Build.0 = Release|x64
		{262DD3A6-F875-45F3-98ED-3E28D124EE3A}.Release|x86.ActiveCfg = Release|Win32
		{262DD3A6-F875-45F3-98ED-3E28D124EE3A}.Release|x86.Build.0 = Release|Win32
	EndGlobalSection
	GlobalSection(SolutionProperties) = preSolution
		HideSolutionNode = FALSE
	EndGlobalSection
	GlobalSection(ExtensibilityGlobals) = postSolution
		SolutionGuid = {2A4216A9-000A-4EAD-BFC0-0B4F46190661}
	EndGlobalSection
EndGlobal
